
Microsoft Visual Studio Solution File, Format Version 12.00
# Visual Studio Version 17
VisualStudioVersion = 17.5.33530.505
MinimumVisualStudioVersion = 10.0.40219.1
Project("{FAE04EC0-301F-11D3-BF4B-00C04F79EFBC}") = "Tokenization", "Tokenization.csproj", "{9AEE3FA1-5AB4-421E-84D9-1BDAB37054E1}"
EndProject
Global
	GlobalSection(SolutionConfigurationPlatforms) = preSolution
		Debug|Any CPU = Debug|Any CPU
		Release|Any CPU = Release|Any CPU
	EndGlobalSection
	GlobalSection(ProjectConfigurationPlatforms) = postSolution
		{9AEE3FA1-5AB4-421E-84D9-1BDAB37054E1}.Debug|Any CPU.ActiveCfg = Debug|Any CPU
		{9AEE3FA1-5AB4-421E-84D9-1BDAB37054E1}.Debug|Any CPU.Build.0 = Debug|Any CPU
		{9AEE3FA1-5AB4-421E-84D9-1BDAB37054E1}.Release|Any CPU.ActiveCfg = Release|Any CPU
		{9AEE3FA1-5AB4-421E-84D9-1BDAB37054E1}.Release|Any CPU.Build.0 = Release|Any CPU
	EndGlobalSection
	GlobalSection(SolutionProperties) = preSolution
		HideSolutionNode = FALSE
	EndGlobalSection
	GlobalSection(ExtensibilityGlobals) = postSolution
		SolutionGuid = {02DBB50B-9F0B-4CCF-9110-F73B4ADBC19D}
	EndGlobalSection
EndGlobal
